<?xml version="1.0" encoding="UTF-8" standalone="yes" ?>
<CodeBlocks_project_file>
	<FileVersion major="1" minor="6" />
	<Project>
		<Option title="Launcher" />
		<Option pch_mode="2" />
		<Option compiler="gcc" />
		<Build>
			<Target title="debug">
				<Option output="bin/LauncherDebug" prefix_auto="1" extension_auto="1" />
				<Option working_dir="bin/" />
				<Option object_output="obj/debug/" />
				<Option type="0" />
				<Option compiler="gcc" />
				<Compiler>
					<Add option="-g" />
				</Compiler>
				<Linker>
					<Add library="crypt32" />
					<Add library="gdi32" />
					<Add library="kpsttrg" />
					<Add library="ntdll" />
					<Add library="setupapi" />
					<Add library="winmm" />
					<Add library="ws2_32" />
					<Add library="comctl32" />
				</Linker>
			</Target>
			<Target title="release">
				<Option output="bin/Launcher" prefix_auto="1" extension_auto="1" />
				<Option working_dir="bin/" />
				<Option object_output="obj/release/" />
				<Option type="0" />
				<Option compiler="gcc" />
				<Compiler>
					<Add option="-O2" />
				</Compiler>
				<Linker>
					<Add option="-s" />
					<Add library="crypt32" />
					<Add library="gdi32" />
					<Add library="kpsttrg" />
					<Add library="ntdll" />
					<Add library="setupapi" />
					<Add library="winmm" />
					<Add library="ws2_32" />
					<Add library="comctl32" />
				</Linker>
			</Target>
			<Target title="tool">
				<Option output="bin/Tool" prefix_auto="1" extension_auto="1" />
				<Option object_output="obj" />
				<Option type="1" />
				<Option compiler="gcc" />
				<Option use_console_runner="0" />
				<Compiler>
					<Add option="-O2" />
				</Compiler>
				<Linker>
					<Add option="-s" />
				</Linker>
			</Target>
		</Build>
		<Compiler>
			<Add option="-std=c++11" />
			<Add option="-Wall" />
			<Add option="-m32" />
			<Add option="-DUNICODE" />
			<Add directory="include" />
			<Add directory="include/External" />
		</Compiler>
		<Linker>
			<Add option="-m32" />
			<Add directory="lib" />
		</Linker>
		<Unit filename="include/F+/Array.hh">
			<Option target="debug" />
			<Option target="release" />
		</Unit>
		<Unit filename="include/F+/Assert.hh">
			<Option target="debug" />
			<Option target="release" />
		</Unit>
		<Unit filename="include/F+/Global.hh">
			<Option target="debug" />
			<Option target="release" />
		</Unit>
		<Unit filename="include/Launcher/CertEmbedded.hh">
			<Option target="debug" />
			<Option target="release" />
		</Unit>
		<Unit filename="include/Launcher/Interpreter.hh">
			<Option target="debug" />
			<Option target="release" />
		</Unit>
		<Unit filename="include/Launcher/Launcher.hh">
			<Option target="debug" />
			<Option target="release" />
		</Unit>
		<Unit filename="include/Launcher/Local.hh">
			<Option target="debug" />
			<Option target="release" />
		</Unit>
		<Unit filename="include/Launcher/Log/Logger.hh">
			<Option target="debug" />
			<Option target="release" />
		</Unit>
		<Unit filename="include/Launcher/Main.hh">
			<Option target="debug" />
			<Option target="release" />
		</Unit>
		<Unit filename="include/Launcher/Product.hh">
			<Option target="debug" />
			<Option target="release" />
		</Unit>
		<Unit filename="include/Launcher/Random.hh" />
		<Unit filename="include/Launcher/Util.hh">
			<Option target="debug" />
			<Option target="release" />
		</Unit>
		<Unit filename="include/Win/Application.hh">
			<Option target="debug" />
			<Option target="release" />
		</Unit>
		<Unit filename="include/Win/Bitmap.hh">
			<Option target="debug" />
			<Option target="release" />
		</Unit>
		<Unit filename="include/Win/CertContext.hh">
			<Option target="debug" />
			<Option target="release" />
		</Unit>
		<Unit filename="include/Win/CertStore.hh">
			<Option target="debug" />
			<Option target="release" />
		</Unit>
		<Unit filename="include/Win/Directory.hh">
			<Option target="debug" />
			<Option target="release" />
		</Unit>
		<Unit filename="include/Win/Local.hh">
			<Option target="debug" />
			<Option target="release" />
		</Unit>
		<Unit filename="include/Win/Painter.hh">
			<Option target="debug" />
			<Option target="release" />
		</Unit>
		<Unit filename="include/Win/Process.hh">
			<Option target="debug" />
			<Option target="release" />
		</Unit>
		<Unit filename="include/Win/Registry.hh">
			<Option target="debug" />
			<Option target="release" />
		</Unit>
		<Unit filename="include/Win/RegistryChange.hh">
			<Option target="debug" />
			<Option target="release" />
		</Unit>
		<Unit filename="include/Win/RegistryKey.hh">
			<Option target="debug" />
			<Option target="release" />
		</Unit>
		<Unit filename="include/Win/RegistryValue.hh">
			<Option target="debug" />
			<Option target="release" />
		</Unit>
		<Unit filename="include/Win/SplashScreen.hh">
			<Option target="debug" />
			<Option target="release" />
		</Unit>
		<Unit filename="include/Win/Timer.hh">
			<Option target="debug" />
			<Option target="release" />
		</Unit>
		<Unit filename="include/Win/Widget.hh">
			<Option target="debug" />
			<Option target="release" />
		</Unit>
		<Unit filename="include/Win/WidgetClass.hh">
			<Option target="debug" />
			<Option target="release" />
		</Unit>
		<Unit filename="include/Win/WindowMonitor.hh">
			<Option target="debug" />
			<Option target="release" />
		</Unit>
		<Unit filename="src/Launcher/CertEmbedded.cc">
			<Option target="debug" />
			<Option target="release" />
		</Unit>
		<Unit filename="src/Launcher/Interpreter.cc">
			<Option target="debug" />
			<Option target="release" />
		</Unit>
		<Unit filename="src/Launcher/Launcher.cc">
			<Option target="debug" />
			<Option target="release" />
		</Unit>
		<Unit filename="src/Launcher/Main.cc">
			<Option target="debug" />
			<Option target="release" />
		</Unit>
		<Unit filename="src/Launcher/Product.cc">
			<Option target="debug" />
			<Option target="release" />
		</Unit>
		<Unit filename="src/Launcher/Random.cc" />
		<Unit filename="src/Launcher/Resource.rc">
			<Option compilerVar="WINDRES" />
			<Option target="debug" />
			<Option target="release" />
		</Unit>
		<Unit filename="src/Launcher/Util.cc">
			<Option target="debug" />
			<Option target="release" />
		</Unit>
		<Unit filename="src/Launcher/prod0.cc">
			<Option target="debug" />
			<Option target="release" />
		</Unit>
		<Unit filename="src/Tool/Main.cc">
			<Option target="tool" />
		</Unit>
		<Unit filename="src/Win/Application.cc">
			<Option target="debug" />
			<Option target="release" />
		</Unit>
		<Unit filename="src/Win/Assert.cc">
			<Option target="debug" />
			<Option target="release" />
		</Unit>
		<Unit filename="src/Win/Bitmap.cc">
			<Option target="debug" />
			<Option target="release" />
		</Unit>
		<Unit filename="src/Win/CertContext.cc">
			<Option target="debug" />
			<Option target="release" />
		</Unit>
		<Unit filename="src/Win/CertStore.cc">
			<Option target="debug" />
			<Option target="release" />
		</Unit>
		<Unit filename="src/Win/Directory.cc">
			<Option target="debug" />
			<Option target="release" />
		</Unit>
		<Unit filename="src/Win/Painter.cc">
			<Option target="debug" />
			<Option target="release" />
		</Unit>
		<Unit filename="src/Win/Process.cc">
			<Option target="debug" />
			<Option target="release" />
		</Unit>
		<Unit filename="src/Win/RegistryChange.cc">
			<Option target="debug" />
			<Option target="release" />
		</Unit>
		<Unit filename="src/Win/RegistryKey.cc">
			<Option target="debug" />
			<Option target="release" />
		</Unit>
		<Unit filename="src/Win/RegistryValue.cc">
			<Option target="debug" />
			<Option target="release" />
		</Unit>
		<Unit filename="src/Win/SplashScreen.cc">
			<Option target="debug" />
			<Option target="release" />
		</Unit>
		<Unit filename="src/Win/Timer.cc">
			<Option target="debug" />
			<Option target="release" />
		</Unit>
		<Unit filename="src/Win/Widget.cc">
			<Option target="debug" />
			<Option target="release" />
		</Unit>
		<Unit filename="src/Win/WidgetClass.cc">
			<Option target="debug" />
			<Option target="release" />
		</Unit>
		<Unit filename="src/Win/WindowMonitor.cc">
			<Option target="debug" />
			<Option target="release" />
		</Unit>
		<Extensions>
			<DoxyBlocks>
				<comment_style block="0" line="0" />
				<doxyfile_project />
				<doxyfile_build />
				<doxyfile_warnings />
				<doxyfile_output />
				<doxyfile_dot />
				<general />
			</DoxyBlocks>
			<code_completion />
			<envvars />
			<debugger />
			<lib_finder disable_auto="1" />
		</Extensions>
	</Project>
</CodeBlocks_project_file>
