<?xml version="1.0" encoding="UTF-8" standalone="yes" ?>
<CodeBlocks_project_file>
	<FileVersion major="1" minor="6" />
	<Project>
		<Option title="kpstpl" />
		<Option pch_mode="0" />
		<Option compiler="gcc" />
		<Build>
			<Target title="default">
				<Option output="F:\kp\source\kpstart\kpstpl.exe" prefix_auto="0" extension_auto="0" />
				<Option type="0" />
				<Option compiler="gcc" />
				<Option projectResourceIncludeDirsRelation="0" />
			</Target>
		</Build>
		<VirtualTargets>
			<Add alias="All" targets="default;" />
		</VirtualTargets>
		<Compiler>
			<Add directory="F:\source\common" />
		</Compiler>
		<ResourceCompiler>
			<Add directory="F:\kp\source\common" />
		</ResourceCompiler>
		<Linker>
			<Add library="kpsttrg" />
			<Add library="gdi32" />
			<Add library="user32" />
			<Add library="kernel32" />
			<Add library="comctl32" />
			<Add library="wsock32" />
			<Add library="setupapi" />
			<Add library="winmm" />
			<Add directory="F:\kp\source\kpstart" />
		</Linker>
		<Unit filename="..\common\kperrsup.h" />
		<Unit filename="kpstart.rc">
			<Option compilerVar="WINDRES" />
		</Unit>
		<Unit filename="kpstpl.cpp" />
		<Unit filename="kpsttrg.h" />
		<Unit filename="..\..\..\source\common\Kperr.h" />
		<Unit filename="..\..\..\source\common\Kpstdlib.h" />
		<Unit filename="..\..\..\source\common\kperrno.h" />
		<Extensions>
			<code_completion />
			<debugger />
		</Extensions>
	</Project>
</CodeBlocks_project_file>
