<?xml version="1.0" encoding="UTF-8" standalone="yes" ?>
<CodeBlocks_project_file>
	<FileVersion major="1" minor="6" />
	<Project>
		<Option title="StartDemo" />
		<Option makefile="makefile" />
		<Option pch_mode="0" />
		<Option compiler="gcc" />
		<Build>
			<Target title="default">
				<Option output="F:\kp\source\kpstart\StartDemo.exe" prefix_auto="0" extension_auto="0" />
				<Option type="0" />
				<Option compiler="gcc" />
				<Option projectResourceIncludeDirsRelation="0" />
			</Target>
		</Build>
		<VirtualTargets>
			<Add alias="All" targets="default;" />
		</VirtualTargets>
		<Compiler>
			<Add option="-DEnvir=15" />
			<Add option="-DKPSTEDI_MODE=6" />
			<Add option="-DBUFFERSIZE=4096" />
			<Add directory="F:\source\common" />
			<Add directory="F:\source\kpt" />
			<Add directory="F:\source\xml" />
			<Add directory="F:\kp\source\common" />
			<Add directory="F:\kp\source\kpt" />
			<Add directory="F:\kp\source\kps" />
			<Add directory="F:\kp\source\kphp11" />
			<Add directory="F:\kp\source\Tev\rtf" />
			<Add directory="F:\kp\source\Tev\tex" />
			<Add directory="F:\kp\source\Tev\xml" />
			<Add directory="F:\kp\source\Tev\xml\tux_gecko\include" />
		</Compiler>
		<ResourceCompiler>
			<Add directory="F:\kp\source\common" />
		</ResourceCompiler>
		<Linker>
			<Add library="gdi32" />
			<Add library="user32" />
			<Add library="kernel32" />
			<Add library="kplibwr" />
			<Add library="comctl32" />
			<Add library="winmm" />
			<Add library="setupapi" />
			<Add library="wsock32" />
			<Add library="uuid" />
			<Add library="oleaut32" />
			<Add library="ole32" />
			<Add library="tux_gecko" />
			<Add directory="F:\kp\source\common" />
			<Add directory="F:\kp\source\Tev\xml\tux_gecko\lib" />
		</Linker>
		<Unit filename="..\Tev\xml\xmln0.cpp" />
		<Unit filename="..\Tev\xml\xmlsty0.cpp" />
		<Unit filename="..\Tev\xml\xmlsty2.cpp" />
		<Unit filename="..\common\kpcurdat.cpp" />
		<Unit filename="..\kps\kpst0_ini.cpp" />
		<Unit filename="..\kps\kpstap0.cpp" />
		<Unit filename="StartDemo.cpp" />
		<Unit filename="kpstart.rc">
			<Option compilerVar="WINDRES" />
		</Unit>
		<Unit filename="..\..\..\source\xml\Tvxmltt.cpp" />
		<Extensions>
			<code_completion />
			<debugger />
		</Extensions>
	</Project>
</CodeBlocks_project_file>
