<?xml version="1.0"?>
<!DOCTYPE CodeBlocks_project_file>
<CodeBlocks_project_file>
	<FileVersion major="1" minor="1"/>
	<Project>
		<Option title="XTest"/>
		<Option makefile="Makefile"/>
		<Option makefile_is_custom="0"/>
		<Option compiler="0"/>
		<Build>
			<Target title="default">
				<Option output="F:\kp\source\Tev\lzdsh\XTest.exe"/>
				<Option working_dir="."/>
				<Option object_output=".objs"/>
				<Option deps_output=".deps"/>
				<Option type="1"/>
				<Option compiler="0"/>
				<Option projectResourceIncludeDirsRelation="1"/>
			</Target>
		</Build>
		<Compiler>
			<Add option="-g"/>
			<Add option="-DEnvir=15"/>
			<Add directory="F:\kp\source\Tev\xml\tux_gecko\include"/>
			<Add directory="F:\source\common"/>
			<Add directory="F:\source\kpt"/>
			<Add directory="F:\kp\source\common"/>
		</Compiler>
		<Linker>
			<Add library="tux_gecko"/>
			<Add library="kplibwd"/>
			<Add library="comctl32"/>
			<Add library="gdi32"/>
			<Add library="setupapi"/>
			<Add library="uuid"/>
			<Add directory="F:\kp\source\Tev\xml\tux_gecko\lib"/>
			<Add directory="F:\kp\source\common"/>
		</Linker>
		<Unit filename="XTest.cc">
			<Option compilerVar="CC"/>
			<Option target="default"/>
		</Unit>
		<Unit filename="..\..\common\Kpwindow.h">
			<Option compilerVar=""/>
			<Option compile="0"/>
			<Option link="0"/>
			<Option target="default"/>
		</Unit>
		<Unit filename="..\..\..\..\source\common\Kpstring.h">
			<Option compilerVar=""/>
			<Option compile="0"/>
			<Option link="0"/>
			<Option target="default"/>
		</Unit>
		<Unit filename="..\..\..\..\source\kpt\Kptt.h">
			<Option compilerVar=""/>
			<Option compile="0"/>
			<Option link="0"/>
			<Option target="default"/>
		</Unit>
	</Project>
</CodeBlocks_project_file>
